
Microsoft Visual Studio Solution File, Format Version 12.00
# Visual Studio Version 17
VisualStudioVersion = 17.7.34202.233
MinimumVisualStudioVersion = 10.0.40219.1
Project("{FAE04EC0-301F-11D3-BF4B-00C04F79EFBC}") = "while dongusu ile istediğin sayıya kadar yazdır-1550", "while dongusu ile istediğin sayıya kadar yazdır-1550\while dongusu ile istediğin sayıya kadar yazdır-1550.csproj", "{DCF6C49A-8174-46A7-938E-C82B2125F9ED}"
EndProject
Global
	GlobalSection(SolutionConfigurationPlatforms) = preSolution
		Debug|Any CPU = Debug|Any CPU
		Release|Any CPU = Release|Any CPU
	EndGlobalSection
	GlobalSection(ProjectConfigurationPlatforms) = postSolution
		{DCF6C49A-8174-46A7-938E-C82B2125F9ED}.Debug|Any CPU.ActiveCfg = Debug|Any CPU
		{DCF6C49A-8174-46A7-938E-C82B2125F9ED}.Debug|Any CPU.Build.0 = Debug|Any CPU
		{DCF6C49A-8174-46A7-938E-C82B2125F9ED}.Release|Any CPU.ActiveCfg = Release|Any CPU
		{DCF6C49A-8174-46A7-938E-C82B2125F9ED}.Release|Any CPU.Build.0 = Release|Any CPU
	EndGlobalSection
	GlobalSection(SolutionProperties) = preSolution
		HideSolutionNode = FALSE
	EndGlobalSection
	GlobalSection(ExtensibilityGlobals) = postSolution
		SolutionGuid = {B16F4041-C5A6-4A47-B476-B058E9399CAF}
	EndGlobalSection
EndGlobal
